
Microsoft Visual Studio Solution File, Format Version 12.00
# Visual Studio Version 17
VisualStudioVersion = 17.8.34511.84
MinimumVisualStudioVersion = 10.0.40219.1
Project("{9A19103F-16F7-4668-BE54-9A1E7A4F7556}") = "PlogPal.Maui", "PloggingApp\PlogPal.Maui.csproj", "{C319B365-A497-409C-AE6A-B0610C014DCF}"
	ProjectSection(ProjectDependencies) = postProject
		{50A6B509-F483-4A91-A6EE-4535640CBFD2} = {50A6B509-F483-4A91-A6EE-4535640CBFD2}
		{5EAE7934-BB72-466D-B5EA-5A11B721798C} = {5EAE7934-BB72-466D-B5EA-5A11B721798C}
		{C4853C82-F89C-49BA-AB5B-9C942BF54B03} = {C4853C82-F89C-49BA-AB5B-9C942BF54B03}
	EndProjectSection
EndProject
Project("{9A19103F-16F7-4668-BE54-9A1E7A4F7556}") = "PlogPalAPI", "PloggingAPI\PlogPalAPI.csproj", "{61EC3576-830F-4ACF-A1A9-023D29203EC3}"
EndProject
Project("{2150E333-8FDC-42A3-9474-1A3956D46DE8}") = "External", "External", "{E1D05198-EF08-43FE-8803-515127B6F234}"
EndProject
Project("{9A19103F-16F7-4668-BE54-9A1E7A4F7556}") = "Infrastructure", "Infrastructure\Infrastructure.csproj", "{D7087098-7F86-452B-BBE6-D0BBF78E781B}"
EndProject
Project("{9A19103F-16F7-4668-BE54-9A1E7A4F7556}") = "PlogPal.Common", "PlogPal.Common\PlogPal.Common.csproj", "{50A6B509-F483-4A91-A6EE-4535640CBFD2}"
EndProject
Project("{9A19103F-16F7-4668-BE54-9A1E7A4F7556}") = "PlogPal.Domain", "PlogPal.Domain\PlogPal.Domain.csproj", "{C4853C82-F89C-49BA-AB5B-9C942BF54B03}"
EndProject
Project("{2150E333-8FDC-42A3-9474-1A3956D46DE8}") = "Core", "Core", "{AA2C220B-9877-46A6-80BB-BAC4D2979481}"
EndProject
Project("{9A19103F-16F7-4668-BE54-9A1E7A4F7556}") = "PlogPal.Application", "PlogPal.Application\PlogPal.Application.csproj", "{5EAE7934-BB72-466D-B5EA-5A11B721798C}"
EndProject
Global
	GlobalSection(SolutionConfigurationPlatforms) = preSolution
		Debug|Any CPU = Debug|Any CPU
		Release|Any CPU = Release|Any CPU
	EndGlobalSection
	GlobalSection(ProjectConfigurationPlatforms) = postSolution
		{C319B365-A497-409C-AE6A-B0610C014DCF}.Debug|Any CPU.ActiveCfg = Debug|Any CPU
		{C319B365-A497-409C-AE6A-B0610C014DCF}.Debug|Any CPU.Build.0 = Debug|Any CPU
		{C319B365-A497-409C-AE6A-B0610C014DCF}.Debug|Any CPU.Deploy.0 = Debug|Any CPU
		{C319B365-A497-409C-AE6A-B0610C014DCF}.Release|Any CPU.ActiveCfg = Release|Any CPU
		{C319B365-A497-409C-AE6A-B0610C014DCF}.Release|Any CPU.Build.0 = Release|Any CPU
		{C319B365-A497-409C-AE6A-B0610C014DCF}.Release|Any CPU.Deploy.0 = Release|Any CPU
		{61EC3576-830F-4ACF-A1A9-023D29203EC3}.Debug|Any CPU.ActiveCfg = Debug|Any CPU
		{61EC3576-830F-4ACF-A1A9-023D29203EC3}.Debug|Any CPU.Build.0 = Debug|Any CPU
		{61EC3576-830F-4ACF-A1A9-023D29203EC3}.Release|Any CPU.ActiveCfg = Release|Any CPU
		{61EC3576-830F-4ACF-A1A9-023D29203EC3}.Release|Any CPU.Build.0 = Release|Any CPU
		{D7087098-7F86-452B-BBE6-D0BBF78E781B}.Debug|Any CPU.ActiveCfg = Debug|Any CPU
		{D7087098-7F86-452B-BBE6-D0BBF78E781B}.Debug|Any CPU.Build.0 = Debug|Any CPU
		{D7087098-7F86-452B-BBE6-D0BBF78E781B}.Release|Any CPU.ActiveCfg = Release|Any CPU
		{D7087098-7F86-452B-BBE6-D0BBF78E781B}.Release|Any CPU.Build.0 = Release|Any CPU
		{50A6B509-F483-4A91-A6EE-4535640CBFD2}.Debug|Any CPU.ActiveCfg = Debug|Any CPU
		{50A6B509-F483-4A91-A6EE-4535640CBFD2}.Debug|Any CPU.Build.0 = Debug|Any CPU
		{50A6B509-F483-4A91-A6EE-4535640CBFD2}.Release|Any CPU.ActiveCfg = Release|Any CPU
		{50A6B509-F483-4A91-A6EE-4535640CBFD2}.Release|Any CPU.Build.0 = Release|Any CPU
		{C4853C82-F89C-49BA-AB5B-9C942BF54B03}.Debug|Any CPU.ActiveCfg = Debug|Any CPU
		{C4853C82-F89C-49BA-AB5B-9C942BF54B03}.Debug|Any CPU.Build.0 = Debug|Any CPU
		{C4853C82-F89C-49BA-AB5B-9C942BF54B03}.Release|Any CPU.ActiveCfg = Release|Any CPU
		{C4853C82-F89C-49BA-AB5B-9C942BF54B03}.Release|Any CPU.Build.0 = Release|Any CPU
		{5EAE7934-BB72-466D-B5EA-5A11B721798C}.Debug|Any CPU.ActiveCfg = Debug|Any CPU
		{5EAE7934-BB72-466D-B5EA-5A11B721798C}.Debug|Any CPU.Build.0 = Debug|Any CPU
		{5EAE7934-BB72-466D-B5EA-5A11B721798C}.Release|Any CPU.ActiveCfg = Release|Any CPU
		{5EAE7934-BB72-466D-B5EA-5A11B721798C}.Release|Any CPU.Build.0 = Release|Any CPU
	EndGlobalSection
	GlobalSection(SolutionProperties) = preSolution
		HideSolutionNode = FALSE
	EndGlobalSection
	GlobalSection(NestedProjects) = preSolution
		{C319B365-A497-409C-AE6A-B0610C014DCF} = {E1D05198-EF08-43FE-8803-515127B6F234}
		{61EC3576-830F-4ACF-A1A9-023D29203EC3} = {E1D05198-EF08-43FE-8803-515127B6F234}
		{D7087098-7F86-452B-BBE6-D0BBF78E781B} = {E1D05198-EF08-43FE-8803-515127B6F234}
		{50A6B509-F483-4A91-A6EE-4535640CBFD2} = {AA2C220B-9877-46A6-80BB-BAC4D2979481}
		{C4853C82-F89C-49BA-AB5B-9C942BF54B03} = {AA2C220B-9877-46A6-80BB-BAC4D2979481}
		{5EAE7934-BB72-466D-B5EA-5A11B721798C} = {AA2C220B-9877-46A6-80BB-BAC4D2979481}
	EndGlobalSection
	GlobalSection(ExtensibilityGlobals) = postSolution
		SolutionGuid = {21C44E8E-A93F-4BFF-A4F2-4C4FE9BF6B65}
	EndGlobalSection
EndGlobal
